
Microsoft Visual Studio Solution File, Format Version 12.00
# Visual Studio Version 17
VisualStudioVersion = 17.0.31903.59
MinimumVisualStudioVersion = 10.0.40219.1
Project("{2150E333-8FDC-42A3-9474-1A3956D46DE8}") = "ShopManagement", "ShopManagement", "{D2413FA0-716E-44A2-B62B-29F3E009BE24}"
EndProject
Project("{2150E333-8FDC-42A3-9474-1A3956D46DE8}") = "SM.Domain", "SM.Domain", "{746E1C85-FF9E-4538-96B8-C00B6E2DC2C5}"
EndProject
Project("{9A19103F-16F7-4668-BE54-9A1E7A4F7556}") = "ShopManagement.Domain", "ShopManagement.Domain\ShopManagement.Domain.csproj", "{1E4BDBFD-32B9-4D09-A250-7E518604C9D9}"
EndProject
Project("{9A19103F-16F7-4668-BE54-9A1E7A4F7556}") = "Custom_FrameWork", "Custom_FrameWork\Custom_FrameWork.csproj", "{87489896-8E87-4AEC-A05B-CF8BA8D00A1F}"
EndProject
Project("{2150E333-8FDC-42A3-9474-1A3956D46DE8}") = "SM.Application", "SM.Application", "{570F01FB-79CD-475F-ABC9-2142E55A941D}"
EndProject
Project("{9A19103F-16F7-4668-BE54-9A1E7A4F7556}") = "ShopManagement.Application.Contracts", "ShopManagement.Application.Contracts\ShopManagement.Application.Contracts.csproj", "{7D4835BE-BA3B-4EB6-8873-A7ECB5D6C010}"
EndProject
Project("{9A19103F-16F7-4668-BE54-9A1E7A4F7556}") = "ShopManagement.Application", "ShopManagement.Application\ShopManagement.Application.csproj", "{358F9F5F-3757-435B-B543-03000664D688}"
EndProject
Project("{2150E333-8FDC-42A3-9474-1A3956D46DE8}") = "SM.Infrastructuer", "SM.Infrastructuer", "{BF956F6F-626B-412A-BB47-934BB945C2E0}"
EndProject
Project("{9A19103F-16F7-4668-BE54-9A1E7A4F7556}") = "ShopManagement.Infrastructuer.EFCore", "ShopManagement.Infrastructuer.EFCore\ShopManagement.Infrastructuer.EFCore.csproj", "{44DA3423-FD58-429B-B950-4B1674F275F0}"
EndProject
Project("{9A19103F-16F7-4668-BE54-9A1E7A4F7556}") = "ShopManagement.Infrastructuer.Configuration", "ShopManagement.Infrastructuer.Configuration\ShopManagement.Infrastructuer.Configuration.csproj", "{9192240F-B22B-4065-BECB-4255641F322F}"
EndProject
Project("{2150E333-8FDC-42A3-9474-1A3956D46DE8}") = "EndPoint", "EndPoint", "{EA1C8953-5623-4A8D-9C41-3CC206A783E2}"
EndProject
Project("{9A19103F-16F7-4668-BE54-9A1E7A4F7556}") = "ServiceHost", "ServiceHost\ServiceHost.csproj", "{E15B75B4-899C-4CFA-AA17-6B0C84AE3E81}"
EndProject
Project("{FAE04EC0-301F-11D3-BF4B-00C04F79EFBC}") = "01_EBegSiteQuery", "01_EBegSiteQuery\01_EBegSiteQuery.csproj", "{0F225F83-5FED-4098-9EF6-F977C7403717}"
EndProject
Project("{2150E333-8FDC-42A3-9474-1A3956D46DE8}") = "DiscountManagement", "DiscountManagement", "{9B00DD6D-8AB6-4725-AA92-06DF4EC07487}"
EndProject
Project("{2150E333-8FDC-42A3-9474-1A3956D46DE8}") = "DM.Domain", "DM.Domain", "{8ED53179-C85A-449D-B6EA-57A3B3D2F4F2}"
EndProject
Project("{FAE04EC0-301F-11D3-BF4B-00C04F79EFBC}") = "DiscountManagement.Domain", "DiscountManagement.Domain\DiscountManagement.Domain.csproj", "{11E195D0-6478-4DCA-92D2-8E4B3D3BD7D2}"
EndProject
Project("{2150E333-8FDC-42A3-9474-1A3956D46DE8}") = "DM.Application", "DM.Application", "{2B416311-9780-452A-B436-3E478EC7738C}"
EndProject
Project("{FAE04EC0-301F-11D3-BF4B-00C04F79EFBC}") = "DiscountManagement.Application", "DiscountManagement.Application\DiscountManagement.Application.csproj", "{10532DE6-C0A8-4128-AF54-F651359068E5}"
EndProject
Project("{FAE04EC0-301F-11D3-BF4B-00C04F79EFBC}") = "DiscountManagement.Application.Contract", "DiscountManagement.Application.Contract\DiscountManagement.Application.Contract.csproj", "{A2AF7702-5D42-4E17-ACCA-1FB3029E7CA3}"
EndProject
Project("{2150E333-8FDC-42A3-9474-1A3956D46DE8}") = "DM.Infrastructuer", "DM.Infrastructuer", "{B8A44C34-B569-4FCB-88AB-6D8F41C39017}"
EndProject
Project("{FAE04EC0-301F-11D3-BF4B-00C04F79EFBC}") = "DiscountManagement.Infrastructuer.EFCore", "DiscountManagement.Infrastructuer.EFCore\DiscountManagement.Infrastructuer.EFCore.csproj", "{FC7E8EB0-86C7-4AC3-BEE6-25F783D19A3E}"
EndProject
Project("{FAE04EC0-301F-11D3-BF4B-00C04F79EFBC}") = "DiscountManagement.Infrastructure.Configuration", "DiscountManagement.Infrastructure.Configuration\DiscountManagement.Infrastructure.Configuration.csproj", "{57123EC8-1EF0-497A-A787-AAEDABE59144}"
EndProject
Global
	GlobalSection(SolutionConfigurationPlatforms) = preSolution
		Debug|Any CPU = Debug|Any CPU
		Release|Any CPU = Release|Any CPU
	EndGlobalSection
	GlobalSection(ProjectConfigurationPlatforms) = postSolution
		{1E4BDBFD-32B9-4D09-A250-7E518604C9D9}.Debug|Any CPU.ActiveCfg = Debug|Any CPU
		{1E4BDBFD-32B9-4D09-A250-7E518604C9D9}.Debug|Any CPU.Build.0 = Debug|Any CPU
		{1E4BDBFD-32B9-4D09-A250-7E518604C9D9}.Release|Any CPU.ActiveCfg = Release|Any CPU
		{1E4BDBFD-32B9-4D09-A250-7E518604C9D9}.Release|Any CPU.Build.0 = Release|Any CPU
		{87489896-8E87-4AEC-A05B-CF8BA8D00A1F}.Debug|Any CPU.ActiveCfg = Debug|Any CPU
		{87489896-8E87-4AEC-A05B-CF8BA8D00A1F}.Debug|Any CPU.Build.0 = Debug|Any CPU
		{87489896-8E87-4AEC-A05B-CF8BA8D00A1F}.Release|Any CPU.ActiveCfg = Release|Any CPU
		{87489896-8E87-4AEC-A05B-CF8BA8D00A1F}.Release|Any CPU.Build.0 = Release|Any CPU
		{7D4835BE-BA3B-4EB6-8873-A7ECB5D6C010}.Debug|Any CPU.ActiveCfg = Debug|Any CPU
		{7D4835BE-BA3B-4EB6-8873-A7ECB5D6C010}.Debug|Any CPU.Build.0 = Debug|Any CPU
		{7D4835BE-BA3B-4EB6-8873-A7ECB5D6C010}.Release|Any CPU.ActiveCfg = Release|Any CPU
		{7D4835BE-BA3B-4EB6-8873-A7ECB5D6C010}.Release|Any CPU.Build.0 = Release|Any CPU
		{358F9F5F-3757-435B-B543-03000664D688}.Debug|Any CPU.ActiveCfg = Debug|Any CPU
		{358F9F5F-3757-435B-B543-03000664D688}.Debug|Any CPU.Build.0 = Debug|Any CPU
		{358F9F5F-3757-435B-B543-03000664D688}.Release|Any CPU.ActiveCfg = Release|Any CPU
		{358F9F5F-3757-435B-B543-03000664D688}.Release|Any CPU.Build.0 = Release|Any CPU
		{44DA3423-FD58-429B-B950-4B1674F275F0}.Debug|Any CPU.ActiveCfg = Debug|Any CPU
		{44DA3423-FD58-429B-B950-4B1674F275F0}.Debug|Any CPU.Build.0 = Debug|Any CPU
		{44DA3423-FD58-429B-B950-4B1674F275F0}.Release|Any CPU.ActiveCfg = Release|Any CPU
		{44DA3423-FD58-429B-B950-4B1674F275F0}.Release|Any CPU.Build.0 = Release|Any CPU
		{9192240F-B22B-4065-BECB-4255641F322F}.Debug|Any CPU.ActiveCfg = Debug|Any CPU
		{9192240F-B22B-4065-BECB-4255641F322F}.Debug|Any CPU.Build.0 = Debug|Any CPU
		{9192240F-B22B-4065-BECB-4255641F322F}.Release|Any CPU.ActiveCfg = Release|Any CPU
		{9192240F-B22B-4065-BECB-4255641F322F}.Release|Any CPU.Build.0 = Release|Any CPU
		{E15B75B4-899C-4CFA-AA17-6B0C84AE3E81}.Debug|Any CPU.ActiveCfg = Debug|Any CPU
		{E15B75B4-899C-4CFA-AA17-6B0C84AE3E81}.Debug|Any CPU.Build.0 = Debug|Any CPU
		{E15B75B4-899C-4CFA-AA17-6B0C84AE3E81}.Release|Any CPU.ActiveCfg = Release|Any CPU
		{E15B75B4-899C-4CFA-AA17-6B0C84AE3E81}.Release|Any CPU.Build.0 = Release|Any CPU
		{0F225F83-5FED-4098-9EF6-F977C7403717}.Debug|Any CPU.ActiveCfg = Debug|Any CPU
		{0F225F83-5FED-4098-9EF6-F977C7403717}.Debug|Any CPU.Build.0 = Debug|Any CPU
		{0F225F83-5FED-4098-9EF6-F977C7403717}.Release|Any CPU.ActiveCfg = Release|Any CPU
		{0F225F83-5FED-4098-9EF6-F977C7403717}.Release|Any CPU.Build.0 = Release|Any CPU
		{11E195D0-6478-4DCA-92D2-8E4B3D3BD7D2}.Debug|Any CPU.ActiveCfg = Debug|Any CPU
		{11E195D0-6478-4DCA-92D2-8E4B3D3BD7D2}.Debug|Any CPU.Build.0 = Debug|Any CPU
		{11E195D0-6478-4DCA-92D2-8E4B3D3BD7D2}.Release|Any CPU.ActiveCfg = Release|Any CPU
		{11E195D0-6478-4DCA-92D2-8E4B3D3BD7D2}.Release|Any CPU.Build.0 = Release|Any CPU
		{10532DE6-C0A8-4128-AF54-F651359068E5}.Debug|Any CPU.ActiveCfg = Debug|Any CPU
		{10532DE6-C0A8-4128-AF54-F651359068E5}.Debug|Any CPU.Build.0 = Debug|Any CPU
		{10532DE6-C0A8-4128-AF54-F651359068E5}.Release|Any CPU.ActiveCfg = Release|Any CPU
		{10532DE6-C0A8-4128-AF54-F651359068E5}.Release|Any CPU.Build.0 = Release|Any CPU
		{A2AF7702-5D42-4E17-ACCA-1FB3029E7CA3}.Debug|Any CPU.ActiveCfg = Debug|Any CPU
		{A2AF7702-5D42-4E17-ACCA-1FB3029E7CA3}.Debug|Any CPU.Build.0 = Debug|Any CPU
		{A2AF7702-5D42-4E17-ACCA-1FB3029E7CA3}.Release|Any CPU.ActiveCfg = Release|Any CPU
		{A2AF7702-5D42-4E17-ACCA-1FB3029E7CA3}.Release|Any CPU.Build.0 = Release|Any CPU
		{FC7E8EB0-86C7-4AC3-BEE6-25F783D19A3E}.Debug|Any CPU.ActiveCfg = Debug|Any CPU
		{FC7E8EB0-86C7-4AC3-BEE6-25F783D19A3E}.Debug|Any CPU.Build.0 = Debug|Any CPU
		{FC7E8EB0-86C7-4AC3-BEE6-25F783D19A3E}.Release|Any CPU.ActiveCfg = Release|Any CPU
		{FC7E8EB0-86C7-4AC3-BEE6-25F783D19A3E}.Release|Any CPU.Build.0 = Release|Any CPU
		{57123EC8-1EF0-497A-A787-AAEDABE59144}.Debug|Any CPU.ActiveCfg = Debug|Any CPU
		{57123EC8-1EF0-497A-A787-AAEDABE59144}.Debug|Any CPU.Build.0 = Debug|Any CPU
		{57123EC8-1EF0-497A-A787-AAEDABE59144}.Release|Any CPU.ActiveCfg = Release|Any CPU
		{57123EC8-1EF0-497A-A787-AAEDABE59144}.Release|Any CPU.Build.0 = Release|Any CPU
	EndGlobalSection
	GlobalSection(SolutionProperties) = preSolution
		HideSolutionNode = FALSE
	EndGlobalSection
	GlobalSection(NestedProjects) = preSolution
		{746E1C85-FF9E-4538-96B8-C00B6E2DC2C5} = {D2413FA0-716E-44A2-B62B-29F3E009BE24}
		{1E4BDBFD-32B9-4D09-A250-7E518604C9D9} = {746E1C85-FF9E-4538-96B8-C00B6E2DC2C5}
		{570F01FB-79CD-475F-ABC9-2142E55A941D} = {D2413FA0-716E-44A2-B62B-29F3E009BE24}
		{7D4835BE-BA3B-4EB6-8873-A7ECB5D6C010} = {570F01FB-79CD-475F-ABC9-2142E55A941D}
		{358F9F5F-3757-435B-B543-03000664D688} = {570F01FB-79CD-475F-ABC9-2142E55A941D}
		{BF956F6F-626B-412A-BB47-934BB945C2E0} = {D2413FA0-716E-44A2-B62B-29F3E009BE24}
		{44DA3423-FD58-429B-B950-4B1674F275F0} = {BF956F6F-626B-412A-BB47-934BB945C2E0}
		{9192240F-B22B-4065-BECB-4255641F322F} = {BF956F6F-626B-412A-BB47-934BB945C2E0}
		{E15B75B4-899C-4CFA-AA17-6B0C84AE3E81} = {EA1C8953-5623-4A8D-9C41-3CC206A783E2}
		{8ED53179-C85A-449D-B6EA-57A3B3D2F4F2} = {9B00DD6D-8AB6-4725-AA92-06DF4EC07487}
		{11E195D0-6478-4DCA-92D2-8E4B3D3BD7D2} = {8ED53179-C85A-449D-B6EA-57A3B3D2F4F2}
		{2B416311-9780-452A-B436-3E478EC7738C} = {9B00DD6D-8AB6-4725-AA92-06DF4EC07487}
		{10532DE6-C0A8-4128-AF54-F651359068E5} = {2B416311-9780-452A-B436-3E478EC7738C}
		{A2AF7702-5D42-4E17-ACCA-1FB3029E7CA3} = {2B416311-9780-452A-B436-3E478EC7738C}
		{B8A44C34-B569-4FCB-88AB-6D8F41C39017} = {9B00DD6D-8AB6-4725-AA92-06DF4EC07487}
		{FC7E8EB0-86C7-4AC3-BEE6-25F783D19A3E} = {B8A44C34-B569-4FCB-88AB-6D8F41C39017}
		{57123EC8-1EF0-497A-A787-AAEDABE59144} = {B8A44C34-B569-4FCB-88AB-6D8F41C39017}
	EndGlobalSection
	GlobalSection(ExtensibilityGlobals) = postSolution
		SolutionGuid = {05C6F3E8-EA8F-405C-8C64-9F22BA9F420B}
	EndGlobalSection
EndGlobal
